
Microsoft Visual Studio Solution File, Format Version 12.00
# Visual Studio Version 16
VisualStudioVersion = 16.0.31702.278
MinimumVisualStudioVersion = 10.0.40219.1
Project("{FAE04EC0-301F-11D3-BF4B-00C04F79EFBC}") = "CRT", "CRT\CRT.csproj", "{285BDE30-3431-463A-960E-F8336CACF2EC}"
EndProject
Global
	GlobalSection(SolutionConfigurationPlatforms) = preSolution
		Debug|Any CPU = Debug|Any CPU
		Release|Any CPU = Release|Any CPU
	EndGlobalSection
	GlobalSection(ProjectConfigurationPlatforms) = postSolution
		{285BDE30-3431-463A-960E-F8336CACF2EC}.Debug|Any CPU.ActiveCfg = Debug|Any CPU
		{285BDE30-3431-463A-960E-F8336CACF2EC}.Debug|Any CPU.Build.0 = Debug|Any CPU
		{285BDE30-3431-463A-960E-F8336CACF2EC}.Release|Any CPU.ActiveCfg = Release|Any CPU
		{285BDE30-3431-463A-960E-F8336CACF2EC}.Release|Any CPU.Build.0 = Release|Any CPU
	EndGlobalSection
	GlobalSection(SolutionProperties) = preSolution
		HideSolutionNode = FALSE
	EndGlobalSection
	GlobalSection(ExtensibilityGlobals) = postSolution
		SolutionGuid = {F21C977A-12F7-40EC-BAB4-74C2526BC6B8}
	EndGlobalSection
EndGlobal
